Microsoft Visual Studio Solution File, Format Version 11.00
# Visual Studio 2008

Project("{E5B61FA9-82B5-B986-4E4A-B5E014E0AF17}") = "Space Cowboys - with town and images", "Assembly-CSharp-firstpass-vs.csproj", "{6C547DAE-BFE5-649B-63BC-A4CEAD2A9BFD}"
EndProject
Project("{E5B61FA9-82B5-B986-4E4A-B5E014E0AF17}") = "Space Cowboys - with town and images", "Assembly-CSharp-vs.csproj", "{D729787D-3FB1-B781-74CD-4F88F0601008}"
EndProject
Project("{E5B61FA9-82B5-B986-4E4A-B5E014E0AF17}") = "Space Cowboys - with town and images", "Assembly-CSharp-Editor-vs.csproj", "{E7633758-B3C1-6F49-0CC9-B9C4102E82CA}"
EndProject
Global
	GlobalSection(SolutionConfigurationPlatforms) = preSolution
		Debug|Any CPU = Debug|Any CPU
		Release|Any CPU = Release|Any CPU
	EndGlobalSection
	GlobalSection(ProjectConfigurationPlatforms) = postSolution
		{6C547DAE-BFE5-649B-63BC-A4CEAD2A9BFD}.Debug|Any CPU.ActiveCfg = Debug|Any CPU
		{6C547DAE-BFE5-649B-63BC-A4CEAD2A9BFD}.Debug|Any CPU.Build.0 = Debug|Any CPU
		{6C547DAE-BFE5-649B-63BC-A4CEAD2A9BFD}.Release|Any CPU.ActiveCfg = Release|Any CPU
		{6C547DAE-BFE5-649B-63BC-A4CEAD2A9BFD}.Release|Any CPU.Build.0 = Release|Any CPU
		{D729787D-3FB1-B781-74CD-4F88F0601008}.Debug|Any CPU.ActiveCfg = Debug|Any CPU
		{D729787D-3FB1-B781-74CD-4F88F0601008}.Debug|Any CPU.Build.0 = Debug|Any CPU
		{D729787D-3FB1-B781-74CD-4F88F0601008}.Release|Any CPU.ActiveCfg = Release|Any CPU
		{D729787D-3FB1-B781-74CD-4F88F0601008}.Release|Any CPU.Build.0 = Release|Any CPU
		{E7633758-B3C1-6F49-0CC9-B9C4102E82CA}.Debug|Any CPU.ActiveCfg = Debug|Any CPU
		{E7633758-B3C1-6F49-0CC9-B9C4102E82CA}.Debug|Any CPU.Build.0 = Debug|Any CPU
		{E7633758-B3C1-6F49-0CC9-B9C4102E82CA}.Release|Any CPU.ActiveCfg = Release|Any CPU
		{E7633758-B3C1-6F49-0CC9-B9C4102E82CA}.Release|Any CPU.Build.0 = Release|Any CPU
	EndGlobalSection
	GlobalSection(SolutionProperties) = preSolution
		HideSolutionNode = FALSE
	EndGlobalSection
			GlobalSection(MonoDevelopProperties) = preSolution
		StartupItem = Assembly-CSharp.csproj
	EndGlobalSection

EndGlobal
