Microsoft Visual Studio Solution File, Format Version 11.00
# Visual Studio 2008

Project("{CCEC2DB7-6C38-E713-6930-69A3668CDE35}") = "Space Cowboys - FARON VERSION", "Assembly-CSharp-firstpass.csproj", "{8A83C4DB-2783-2C9A-C8FC-CE91CEEAFF6C}"
EndProject
Project("{CCEC2DB7-6C38-E713-6930-69A3668CDE35}") = "Space Cowboys - FARON VERSION", "Assembly-CSharp.csproj", "{6A9209D1-E503-6414-BA72-5AD4B684D321}"
EndProject
Project("{CCEC2DB7-6C38-E713-6930-69A3668CDE35}") = "Space Cowboys - FARON VERSION", "Assembly-CSharp-Editor.csproj", "{0684DD69-89EC-9A79-2FCB-1328EF42CF3D}"
EndProject
Global
	GlobalSection(SolutionConfigurationPlatforms) = preSolution
		Debug|Any CPU = Debug|Any CPU
		Release|Any CPU = Release|Any CPU
	EndGlobalSection
	GlobalSection(ProjectConfigurationPlatforms) = postSolution
		{8A83C4DB-2783-2C9A-C8FC-CE91CEEAFF6C}.Debug|Any CPU.ActiveCfg = Debug|Any CPU
		{8A83C4DB-2783-2C9A-C8FC-CE91CEEAFF6C}.Debug|Any CPU.Build.0 = Debug|Any CPU
		{8A83C4DB-2783-2C9A-C8FC-CE91CEEAFF6C}.Release|Any CPU.ActiveCfg = Release|Any CPU
		{8A83C4DB-2783-2C9A-C8FC-CE91CEEAFF6C}.Release|Any CPU.Build.0 = Release|Any CPU
		{6A9209D1-E503-6414-BA72-5AD4B684D321}.Debug|Any CPU.ActiveCfg = Debug|Any CPU
		{6A9209D1-E503-6414-BA72-5AD4B684D321}.Debug|Any CPU.Build.0 = Debug|Any CPU
		{6A9209D1-E503-6414-BA72-5AD4B684D321}.Release|Any CPU.ActiveCfg = Release|Any CPU
		{6A9209D1-E503-6414-BA72-5AD4B684D321}.Release|Any CPU.Build.0 = Release|Any CPU
		{0684DD69-89EC-9A79-2FCB-1328EF42CF3D}.Debug|Any CPU.ActiveCfg = Debug|Any CPU
		{0684DD69-89EC-9A79-2FCB-1328EF42CF3D}.Debug|Any CPU.Build.0 = Debug|Any CPU
		{0684DD69-89EC-9A79-2FCB-1328EF42CF3D}.Release|Any CPU.ActiveCfg = Release|Any CPU
		{0684DD69-89EC-9A79-2FCB-1328EF42CF3D}.Release|Any CPU.Build.0 = Release|Any CPU
	EndGlobalSection
	GlobalSection(SolutionProperties) = preSolution
		HideSolutionNode = FALSE
	EndGlobalSection
	GlobalSection(MonoDevelopProperties) = preSolution
		StartupItem = Assembly-CSharp.csproj
		Policies = $0
		$0.TextStylePolicy = $1
		$1.inheritsSet = null
		$1.scope = text/x-csharp
		$0.CSharpFormattingPolicy = $2
		$2.inheritsSet = Mono
		$2.inheritsScope = text/x-csharp
		$2.scope = text/x-csharp
		$0.TextStylePolicy = $3
		$3.FileWidth = 120
		$3.TabWidth = 4
		$3.IndentWidth = 4
		$3.EolMarker = Unix
		$3.inheritsSet = Mono
		$3.inheritsScope = text/plain
		$3.scope = text/plain
	EndGlobalSection
EndGlobal
